
Microsoft Visual Studio Solution File, Format Version 12.00
# Visual Studio Version 16
VisualStudioVersion = 16.0.29806.167
MinimumVisualStudioVersion = 10.0.40219.1
Project("{FAE04EC0-301F-11D3-BF4B-00C04F79EFBC}") = "BookLibrary.Data", "Data\BookLibrary.Data\BookLibrary.Data.csproj", "{F266876C-212B-48F0-89DA-B30013C96B51}"
EndProject
Project("{FAE04EC0-301F-11D3-BF4B-00C04F79EFBC}") = "BookLibrary.Models", "Data\BookLibrary.Models\BookLibrary.Models.csproj", "{1CA468A2-A3B1-4BF6-B61C-B55F0ABE9418}"
EndProject
Project("{FAE04EC0-301F-11D3-BF4B-00C04F79EFBC}") = "BookLibrary.Services", "Services\BookLibrary.Services\BookLibrary.Services.csproj", "{23EC638A-7C35-44D9-884D-3CAC02FB47B4}"
EndProject
Project("{FAE04EC0-301F-11D3-BF4B-00C04F79EFBC}") = "BookLibrary.WebLibrary", "Web\BookLibrary.WebLibrary\BookLibrary.WebLibrary.csproj", "{335F178D-9691-44C4-AD55-B3D809411D23}"
EndProject
Project("{FAE04EC0-301F-11D3-BF4B-00C04F79EFBC}") = "BookLibrary.Data.Common", "Data\BookLibrary.Data.Common\BookLibrary.Data.Common.csproj", "{A94CEEAD-409B-4F43-BD4C-BA6F63E9E7D7}"
EndProject
Global
	GlobalSection(SolutionConfigurationPlatforms) = preSolution
		Debug|Any CPU = Debug|Any CPU
		Release|Any CPU = Release|Any CPU
	EndGlobalSection
	GlobalSection(ProjectConfigurationPlatforms) = postSolution
		{F266876C-212B-48F0-89DA-B30013C96B51}.Debug|Any CPU.ActiveCfg = Debug|Any CPU
		{F266876C-212B-48F0-89DA-B30013C96B51}.Debug|Any CPU.Build.0 = Debug|Any CPU
		{F266876C-212B-48F0-89DA-B30013C96B51}.Release|Any CPU.ActiveCfg = Release|Any CPU
		{F266876C-212B-48F0-89DA-B30013C96B51}.Release|Any CPU.Build.0 = Release|Any CPU
		{1CA468A2-A3B1-4BF6-B61C-B55F0ABE9418}.Debug|Any CPU.ActiveCfg = Debug|Any CPU
		{1CA468A2-A3B1-4BF6-B61C-B55F0ABE9418}.Debug|Any CPU.Build.0 = Debug|Any CPU
		{1CA468A2-A3B1-4BF6-B61C-B55F0ABE9418}.Release|Any CPU.ActiveCfg = Release|Any CPU
		{1CA468A2-A3B1-4BF6-B61C-B55F0ABE9418}.Release|Any CPU.Build.0 = Release|Any CPU
		{23EC638A-7C35-44D9-884D-3CAC02FB47B4}.Debug|Any CPU.ActiveCfg = Debug|Any CPU
		{23EC638A-7C35-44D9-884D-3CAC02FB47B4}.Debug|Any CPU.Build.0 = Debug|Any CPU
		{23EC638A-7C35-44D9-884D-3CAC02FB47B4}.Release|Any CPU.ActiveCfg = Release|Any CPU
		{23EC638A-7C35-44D9-884D-3CAC02FB47B4}.Release|Any CPU.Build.0 = Release|Any CPU
		{335F178D-9691-44C4-AD55-B3D809411D23}.Debug|Any CPU.ActiveCfg = Debug|Any CPU
		{335F178D-9691-44C4-AD55-B3D809411D23}.Debug|Any CPU.Build.0 = Debug|Any CPU
		{335F178D-9691-44C4-AD55-B3D809411D23}.Release|Any CPU.ActiveCfg = Release|Any CPU
		{335F178D-9691-44C4-AD55-B3D809411D23}.Release|Any CPU.Build.0 = Release|Any CPU
		{A94CEEAD-409B-4F43-BD4C-BA6F63E9E7D7}.Debug|Any CPU.ActiveCfg = Debug|Any CPU
		{A94CEEAD-409B-4F43-BD4C-BA6F63E9E7D7}.Debug|Any CPU.Build.0 = Debug|Any CPU
		{A94CEEAD-409B-4F43-BD4C-BA6F63E9E7D7}.Release|Any CPU.ActiveCfg = Release|Any CPU
		{A94CEEAD-409B-4F43-BD4C-BA6F63E9E7D7}.Release|Any CPU.Build.0 = Release|Any CPU
	EndGlobalSection
	GlobalSection(SolutionProperties) = preSolution
		HideSolutionNode = FALSE
	EndGlobalSection
	GlobalSection(ExtensibilityGlobals) = postSolution
		SolutionGuid = {BDF959FA-912B-43FD-A529-123F6577F644}
	EndGlobalSection
EndGlobal
